# This file is autogenerated, do not edit; changes may be undone by the next 'dep ensure'.


[[projects]]
  name = "github.com/bot-api/telegram"
  packages = ["."]
  revision = "2cc6390eb82f78620b8688673c750864bc4f04d7"
  version = "v0.1-alpha"

[[projects]]
  branch = "master"
  name = "github.com/orcaman/concurrent-map"
  packages = ["."]
  revision = "b28018939af9022337862b94a463abb18abb3e0e"

[[projects]]
  branch = "master"
  name = "golang.org/x/net"
  packages = [
    "context",
    "context/ctxhttp"
  ]
  revision = "04a2e542c03f1d053ab3e4d6e5abcd4b66e2be8e"

[solve-meta]
  analyzer-name = "dep"
  analyzer-version = 1
  inputs-digest = "7f49a7c874b7bc006cc2e4802a44cd7e1d51cee907b29bc06fc1ab88ae0b623b"
  solver-name = "gps-cdcl"
  solver-version = 1
